
Microsoft Visual Studio Solution File, Format Version 10.00
# Visual Studio 2008
Project("{8BC9CEB8-8B4A-11D0-8D11-00A0C91BC942}") = "NNR", "NNR.vcproj", "{CD884FEE-7BB7-4C21-B37F-06F9FCC8B200}"
EndProject
Global
	GlobalSection(SolutionConfigurationPlatforms) = preSolution
		Debug|Win32 = Debug|Win32
		Release|Win32 = Release|Win32
	EndGlobalSection
	GlobalSection(ProjectConfigurationPlatforms) = postSolution
		{CD884FEE-7BB7-4C21-B37F-06F9FCC8B200}.Debug|Win32.ActiveCfg = Debug|Win32
		{CD884FEE-7BB7-4C21-B37F-06F9FCC8B200}.Debug|Win32.Build.0 = Debug|Win32
		{CD884FEE-7BB7-4C21-B37F-06F9FCC8B200}.Release|Win32.ActiveCfg = Release|Win32
		{CD884FEE-7BB7-4C21-B37F-06F9FCC8B200}.Release|Win32.Build.0 = Release|Win32
	EndGlobalSection
	GlobalSection(SolutionProperties) = preSolution
		HideSolutionNode = FALSE
	EndGlobalSection
EndGlobal
